
Microsoft Visual Studio Solution File, Format Version 12.00
# Visual Studio 15
VisualStudioVersion = 15.0.26124.0
MinimumVisualStudioVersion = 15.0.26124.0
Project("{FAE04EC0-301F-11D3-BF4B-00C04F79EFBC}") = "Penguin.Web.Security.Local", "Penguin.Web.Security.Local.csproj", "{DDDABAB5-2F52-450A-B3D5-10638A8CB11B}"
EndProject
Project("{FAE04EC0-301F-11D3-BF4B-00C04F79EFBC}") = "Penguin.Security.Abstractions.Local", "..\Penguin.Security.Abstractions\Penguin.Security.Abstractions.Local.csproj", "{45ECC23B-52CB-4D2B-B7B3-AF31936EE6C9}"
EndProject
Global
	GlobalSection(SolutionConfigurationPlatforms) = preSolution
		Debug|Any CPU = Debug|Any CPU
		Debug|x64 = Debug|x64
		Debug|x86 = Debug|x86
		Release|Any CPU = Release|Any CPU
		Release|x64 = Release|x64
		Release|x86 = Release|x86
	EndGlobalSection
	GlobalSection(SolutionProperties) = preSolution
		HideSolutionNode = FALSE
	EndGlobalSection
	GlobalSection(ProjectConfigurationPlatforms) = postSolution
		{DDDABAB5-2F52-450A-B3D5-10638A8CB11B}.Debug|Any CPU.ActiveCfg = Debug|Any CPU
		{DDDABAB5-2F52-450A-B3D5-10638A8CB11B}.Debug|Any CPU.Build.0 = Debug|Any CPU
		{DDDABAB5-2F52-450A-B3D5-10638A8CB11B}.Debug|x64.ActiveCfg = Debug|Any CPU
		{DDDABAB5-2F52-450A-B3D5-10638A8CB11B}.Debug|x64.Build.0 = Debug|Any CPU
		{DDDABAB5-2F52-450A-B3D5-10638A8CB11B}.Debug|x86.ActiveCfg = Debug|Any CPU
		{DDDABAB5-2F52-450A-B3D5-10638A8CB11B}.Debug|x86.Build.0 = Debug|Any CPU
		{DDDABAB5-2F52-450A-B3D5-10638A8CB11B}.Release|Any CPU.ActiveCfg = Release|Any CPU
		{DDDABAB5-2F52-450A-B3D5-10638A8CB11B}.Release|Any CPU.Build.0 = Release|Any CPU
		{DDDABAB5-2F52-450A-B3D5-10638A8CB11B}.Release|x64.ActiveCfg = Release|Any CPU
		{DDDABAB5-2F52-450A-B3D5-10638A8CB11B}.Release|x64.Build.0 = Release|Any CPU
		{DDDABAB5-2F52-450A-B3D5-10638A8CB11B}.Release|x86.ActiveCfg = Release|Any CPU
		{DDDABAB5-2F52-450A-B3D5-10638A8CB11B}.Release|x86.Build.0 = Release|Any CPU
		{45ECC23B-52CB-4D2B-B7B3-AF31936EE6C9}.Debug|Any CPU.ActiveCfg = Debug|Any CPU
		{45ECC23B-52CB-4D2B-B7B3-AF31936EE6C9}.Debug|Any CPU.Build.0 = Debug|Any CPU
		{45ECC23B-52CB-4D2B-B7B3-AF31936EE6C9}.Debug|x64.ActiveCfg = Debug|Any CPU
		{45ECC23B-52CB-4D2B-B7B3-AF31936EE6C9}.Debug|x64.Build.0 = Debug|Any CPU
		{45ECC23B-52CB-4D2B-B7B3-AF31936EE6C9}.Debug|x86.ActiveCfg = Debug|Any CPU
		{45ECC23B-52CB-4D2B-B7B3-AF31936EE6C9}.Debug|x86.Build.0 = Debug|Any CPU
		{45ECC23B-52CB-4D2B-B7B3-AF31936EE6C9}.Release|Any CPU.ActiveCfg = Release|Any CPU
		{45ECC23B-52CB-4D2B-B7B3-AF31936EE6C9}.Release|Any CPU.Build.0 = Release|Any CPU
		{45ECC23B-52CB-4D2B-B7B3-AF31936EE6C9}.Release|x64.ActiveCfg = Release|Any CPU
		{45ECC23B-52CB-4D2B-B7B3-AF31936EE6C9}.Release|x64.Build.0 = Release|Any CPU
		{45ECC23B-52CB-4D2B-B7B3-AF31936EE6C9}.Release|x86.ActiveCfg = Release|Any CPU
		{45ECC23B-52CB-4D2B-B7B3-AF31936EE6C9}.Release|x86.Build.0 = Release|Any CPU
	EndGlobalSection
EndGlobal
