
Microsoft Visual Studio Solution File, Format Version 12.00
# Visual Studio Version 16
VisualStudioVersion = 16.6.30114.105
MinimumVisualStudioVersion = 10.0.40219.1
Project("{FAE04EC0-301F-11D3-BF4B-00C04F79EFBC}") = "Penguin.Web.Security.Local", "Penguin.Web.Security.Local.csproj", "{2AFAD480-3E88-440B-AC33-FEE527070757}"
EndProject
Project("{FAE04EC0-301F-11D3-BF4B-00C04F79EFBC}") = "Penguin.Security.Abstractions.Local", "..\Penguin.Security.Abstractions\Penguin.Security.Abstractions.Local.csproj", "{15E13333-C5C0-4D8C-9E65-6276364AF38B}"
EndProject
Global
	GlobalSection(SolutionConfigurationPlatforms) = preSolution
		Debug|Any CPU = Debug|Any CPU
		Debug|x64 = Debug|x64
		Debug|x86 = Debug|x86
		Release|Any CPU = Release|Any CPU
		Release|x64 = Release|x64
		Release|x86 = Release|x86
	EndGlobalSection
	GlobalSection(SolutionProperties) = preSolution
		HideSolutionNode = FALSE
	EndGlobalSection
	GlobalSection(ProjectConfigurationPlatforms) = postSolution
		{2AFAD480-3E88-440B-AC33-FEE527070757}.Debug|Any CPU.ActiveCfg = Debug|Any CPU
		{2AFAD480-3E88-440B-AC33-FEE527070757}.Debug|Any CPU.Build.0 = Debug|Any CPU
		{2AFAD480-3E88-440B-AC33-FEE527070757}.Debug|x64.ActiveCfg = Debug|Any CPU
		{2AFAD480-3E88-440B-AC33-FEE527070757}.Debug|x64.Build.0 = Debug|Any CPU
		{2AFAD480-3E88-440B-AC33-FEE527070757}.Debug|x86.ActiveCfg = Debug|Any CPU
		{2AFAD480-3E88-440B-AC33-FEE527070757}.Debug|x86.Build.0 = Debug|Any CPU
		{2AFAD480-3E88-440B-AC33-FEE527070757}.Release|Any CPU.ActiveCfg = Release|Any CPU
		{2AFAD480-3E88-440B-AC33-FEE527070757}.Release|Any CPU.Build.0 = Release|Any CPU
		{2AFAD480-3E88-440B-AC33-FEE527070757}.Release|x64.ActiveCfg = Release|Any CPU
		{2AFAD480-3E88-440B-AC33-FEE527070757}.Release|x64.Build.0 = Release|Any CPU
		{2AFAD480-3E88-440B-AC33-FEE527070757}.Release|x86.ActiveCfg = Release|Any CPU
		{2AFAD480-3E88-440B-AC33-FEE527070757}.Release|x86.Build.0 = Release|Any CPU
		{15E13333-C5C0-4D8C-9E65-6276364AF38B}.Debug|Any CPU.ActiveCfg = Debug|Any CPU
		{15E13333-C5C0-4D8C-9E65-6276364AF38B}.Debug|Any CPU.Build.0 = Debug|Any CPU
		{15E13333-C5C0-4D8C-9E65-6276364AF38B}.Debug|x64.ActiveCfg = Debug|Any CPU
		{15E13333-C5C0-4D8C-9E65-6276364AF38B}.Debug|x64.Build.0 = Debug|Any CPU
		{15E13333-C5C0-4D8C-9E65-6276364AF38B}.Debug|x86.ActiveCfg = Debug|Any CPU
		{15E13333-C5C0-4D8C-9E65-6276364AF38B}.Debug|x86.Build.0 = Debug|Any CPU
		{15E13333-C5C0-4D8C-9E65-6276364AF38B}.Release|Any CPU.ActiveCfg = Release|Any CPU
		{15E13333-C5C0-4D8C-9E65-6276364AF38B}.Release|Any CPU.Build.0 = Release|Any CPU
		{15E13333-C5C0-4D8C-9E65-6276364AF38B}.Release|x64.ActiveCfg = Release|Any CPU
		{15E13333-C5C0-4D8C-9E65-6276364AF38B}.Release|x64.Build.0 = Release|Any CPU
		{15E13333-C5C0-4D8C-9E65-6276364AF38B}.Release|x86.ActiveCfg = Release|Any CPU
		{15E13333-C5C0-4D8C-9E65-6276364AF38B}.Release|x86.Build.0 = Release|Any CPU
	EndGlobalSection
EndGlobal
